<?xml version="1.0" encoding="utf-8"?>
<Project ToolsVersion="4.0" xmlns="http://schemas.microsoft.com/developer/msbuild/2003">
  <ItemGroup>
    <Filter Include="Scenes">
      <UniqueIdentifier>{59babfb8-6279-4481-94e2-8ffa18b55ac4}</UniqueIdentifier>
    </Filter>
    <Filter Include="Contents">
      <UniqueIdentifier>{9f42c95a-3778-4410-b1f7-5784dba01e06}</UniqueIdentifier>
    </Filter>
  </ItemGroup>
  <ItemGroup>
    <ClInclude Include="YLoadScene.h">
      <Filter>Scenes</Filter>
    </ClInclude>
    <ClInclude Include="YEndScene.h">
      <Filter>Scenes</Filter>
    </ClInclude>
    <ClInclude Include="YPlayScene.h">
      <Filter>Scenes</Filter>
    </ClInclude>
    <ClInclude Include="YTitleScene.h">
      <Filter>Scenes</Filter>
    </ClInclude>
    <ClInclude Include="YPlayer.h">
      <Filter>Contents</Filter>
    </ClInclude>
  </ItemGroup>
  <ItemGroup>
    <ClCompile Include="YEndScene.cpp">
      <Filter>Scenes</Filter>
    </ClCompile>
    <ClCompile Include="YPlayScene.cpp">
      <Filter>Scenes</Filter>
    </ClCompile>
    <ClCompile Include="YTitleScene.cpp">
      <Filter>Scenes</Filter>
    </ClCompile>
    <ClCompile Include="YPlayer.cpp">
      <Filter>Contents</Filter>
    </ClCompile>
  </ItemGroup>
</Project>